
Microsoft Visual Studio Solution File, Format Version 12.00
# Visual Studio Version 17
VisualStudioVersion = 17.2.32630.192
MinimumVisualStudioVersion = 10.0.40219.1
Project("{FAE04EC0-301F-11D3-BF4B-00C04F79EFBC}") = "01. Old Books", "01. Old Books\01. Old Books.csproj", "{81BA04C5-40DD-4E17-B390-8044A6C8935C}"
EndProject
Project("{FAE04EC0-301F-11D3-BF4B-00C04F79EFBC}") = "02. Exam Preparation", "02. Exam Preparation\02. Exam Preparation.csproj", "{CF9FD3C6-BED9-4754-8693-7840373EC76F}"
EndProject
Project("{FAE04EC0-301F-11D3-BF4B-00C04F79EFBC}") = "03. Vacation", "03. Vacation\03. Vacation.csproj", "{93756146-E8B0-441F-8A24-58178A1E52F7}"
EndProject
Project("{FAE04EC0-301F-11D3-BF4B-00C04F79EFBC}") = "04. Walking", "04. Walking\04. Walking.csproj", "{B904FEF4-1019-41B2-8368-A1E3D01C6B0F}"
EndProject
Project("{FAE04EC0-301F-11D3-BF4B-00C04F79EFBC}") = "05. Coins", "05. Coins\05. Coins.csproj", "{B91BDC44-5056-4B3C-8902-1D7D2363296E}"
EndProject
Project("{FAE04EC0-301F-11D3-BF4B-00C04F79EFBC}") = "06. Cake", "06. Cake\06. Cake.csproj", "{02D4F470-79ED-4DEC-88A8-4770A0174C3E}"
EndProject
Project("{FAE04EC0-301F-11D3-BF4B-00C04F79EFBC}") = "07. Moving", "07. Moving\07. Moving.csproj", "{032911A6-343D-49A8-B53A-2962E6D7760A}"
EndProject
Global
	GlobalSection(SolutionConfigurationPlatforms) = preSolution
		Debug|Any CPU = Debug|Any CPU
		Release|Any CPU = Release|Any CPU
	EndGlobalSection
	GlobalSection(ProjectConfigurationPlatforms) = postSolution
		{81BA04C5-40DD-4E17-B390-8044A6C8935C}.Debug|Any CPU.ActiveCfg = Debug|Any CPU
		{81BA04C5-40DD-4E17-B390-8044A6C8935C}.Debug|Any CPU.Build.0 = Debug|Any CPU
		{81BA04C5-40DD-4E17-B390-8044A6C8935C}.Release|Any CPU.ActiveCfg = Release|Any CPU
		{81BA04C5-40DD-4E17-B390-8044A6C8935C}.Release|Any CPU.Build.0 = Release|Any CPU
		{CF9FD3C6-BED9-4754-8693-7840373EC76F}.Debug|Any CPU.ActiveCfg = Debug|Any CPU
		{CF9FD3C6-BED9-4754-8693-7840373EC76F}.Debug|Any CPU.Build.0 = Debug|Any CPU
		{CF9FD3C6-BED9-4754-8693-7840373EC76F}.Release|Any CPU.ActiveCfg = Release|Any CPU
		{CF9FD3C6-BED9-4754-8693-7840373EC76F}.Release|Any CPU.Build.0 = Release|Any CPU
		{93756146-E8B0-441F-8A24-58178A1E52F7}.Debug|Any CPU.ActiveCfg = Debug|Any CPU
		{93756146-E8B0-441F-8A24-58178A1E52F7}.Debug|Any CPU.Build.0 = Debug|Any CPU
		{93756146-E8B0-441F-8A24-58178A1E52F7}.Release|Any CPU.ActiveCfg = Release|Any CPU
		{93756146-E8B0-441F-8A24-58178A1E52F7}.Release|Any CPU.Build.0 = Release|Any CPU
		{B904FEF4-1019-41B2-8368-A1E3D01C6B0F}.Debug|Any CPU.ActiveCfg = Debug|Any CPU
		{B904FEF4-1019-41B2-8368-A1E3D01C6B0F}.Debug|Any CPU.Build.0 = Debug|Any CPU
		{B904FEF4-1019-41B2-8368-A1E3D01C6B0F}.Release|Any CPU.ActiveCfg = Release|Any CPU
		{B904FEF4-1019-41B2-8368-A1E3D01C6B0F}.Release|Any CPU.Build.0 = Release|Any CPU
		{B91BDC44-5056-4B3C-8902-1D7D2363296E}.Debug|Any CPU.ActiveCfg = Debug|Any CPU
		{B91BDC44-5056-4B3C-8902-1D7D2363296E}.Debug|Any CPU.Build.0 = Debug|Any CPU
		{B91BDC44-5056-4B3C-8902-1D7D2363296E}.Release|Any CPU.ActiveCfg = Release|Any CPU
		{B91BDC44-5056-4B3C-8902-1D7D2363296E}.Release|Any CPU.Build.0 = Release|Any CPU
		{02D4F470-79ED-4DEC-88A8-4770A0174C3E}.Debug|Any CPU.ActiveCfg = Debug|Any CPU
		{02D4F470-79ED-4DEC-88A8-4770A0174C3E}.Debug|Any CPU.Build.0 = Debug|Any CPU
		{02D4F470-79ED-4DEC-88A8-4770A0174C3E}.Release|Any CPU.ActiveCfg = Release|Any CPU
		{02D4F470-79ED-4DEC-88A8-4770A0174C3E}.Release|Any CPU.Build.0 = Release|Any CPU
		{032911A6-343D-49A8-B53A-2962E6D7760A}.Debug|Any CPU.ActiveCfg = Debug|Any CPU
		{032911A6-343D-49A8-B53A-2962E6D7760A}.Debug|Any CPU.Build.0 = Debug|Any CPU
		{032911A6-343D-49A8-B53A-2962E6D7760A}.Release|Any CPU.ActiveCfg = Release|Any CPU
		{032911A6-343D-49A8-B53A-2962E6D7760A}.Release|Any CPU.Build.0 = Release|Any CPU
	EndGlobalSection
	GlobalSection(SolutionProperties) = preSolution
		HideSolutionNode = FALSE
	EndGlobalSection
	GlobalSection(ExtensibilityGlobals) = postSolution
		SolutionGuid = {A6E9AA15-A43A-4D56-922D-E277A3159513}
	EndGlobalSection
EndGlobal
