
Microsoft Visual Studio Solution File, Format Version 12.00
# Visual Studio Version 17
VisualStudioVersion = 17.2.32630.192
MinimumVisualStudioVersion = 10.0.40219.1
Project("{9A19103F-16F7-4668-BE54-9A1E7A4F7556}") = "01. Clock", "01. Clock\01. Clock.csproj", "{C8A3A1ED-C343-47FC-9173-975A7942E82B}"
EndProject
Project("{9A19103F-16F7-4668-BE54-9A1E7A4F7556}") = "02. Multiplication Table", "02. Multiplication Table\02. Multiplication Table.csproj", "{A8772F79-316A-4E41-8E84-81E020DA3462}"
EndProject
Project("{9A19103F-16F7-4668-BE54-9A1E7A4F7556}") = "03. Combinations", "03. Combinations\03. Combinations.csproj", "{7826DCBA-6A35-40AD-86F7-ABD519A50B3A}"
EndProject
Project("{9A19103F-16F7-4668-BE54-9A1E7A4F7556}") = "04. Sum of Two Numbers", "04. Sum of Two Numbers\04. Sum of Two Numbers.csproj", "{B1EC3B27-4197-494C-BE50-E0A5B5785C24}"
EndProject
Project("{FAE04EC0-301F-11D3-BF4B-00C04F79EFBC}") = "05.TravellingOriginal", "05.TravellingOriginal\05.TravellingOriginal.csproj", "{D20A0201-C930-444E-A131-90B14CF0A648}"
EndProject
Project("{FAE04EC0-301F-11D3-BF4B-00C04F79EFBC}") = "06. Building", "06. Building\06. Building.csproj", "{FC4C9C2A-8877-43B2-B72D-9560A03C4AA4}"
EndProject
Global
	GlobalSection(SolutionConfigurationPlatforms) = preSolution
		Debug|Any CPU = Debug|Any CPU
		Release|Any CPU = Release|Any CPU
	EndGlobalSection
	GlobalSection(ProjectConfigurationPlatforms) = postSolution
		{C8A3A1ED-C343-47FC-9173-975A7942E82B}.Debug|Any CPU.ActiveCfg = Debug|Any CPU
		{C8A3A1ED-C343-47FC-9173-975A7942E82B}.Debug|Any CPU.Build.0 = Debug|Any CPU
		{C8A3A1ED-C343-47FC-9173-975A7942E82B}.Release|Any CPU.ActiveCfg = Release|Any CPU
		{C8A3A1ED-C343-47FC-9173-975A7942E82B}.Release|Any CPU.Build.0 = Release|Any CPU
		{A8772F79-316A-4E41-8E84-81E020DA3462}.Debug|Any CPU.ActiveCfg = Debug|Any CPU
		{A8772F79-316A-4E41-8E84-81E020DA3462}.Debug|Any CPU.Build.0 = Debug|Any CPU
		{A8772F79-316A-4E41-8E84-81E020DA3462}.Release|Any CPU.ActiveCfg = Release|Any CPU
		{A8772F79-316A-4E41-8E84-81E020DA3462}.Release|Any CPU.Build.0 = Release|Any CPU
		{7826DCBA-6A35-40AD-86F7-ABD519A50B3A}.Debug|Any CPU.ActiveCfg = Debug|Any CPU
		{7826DCBA-6A35-40AD-86F7-ABD519A50B3A}.Debug|Any CPU.Build.0 = Debug|Any CPU
		{7826DCBA-6A35-40AD-86F7-ABD519A50B3A}.Release|Any CPU.ActiveCfg = Release|Any CPU
		{7826DCBA-6A35-40AD-86F7-ABD519A50B3A}.Release|Any CPU.Build.0 = Release|Any CPU
		{B1EC3B27-4197-494C-BE50-E0A5B5785C24}.Debug|Any CPU.ActiveCfg = Debug|Any CPU
		{B1EC3B27-4197-494C-BE50-E0A5B5785C24}.Debug|Any CPU.Build.0 = Debug|Any CPU
		{B1EC3B27-4197-494C-BE50-E0A5B5785C24}.Release|Any CPU.ActiveCfg = Release|Any CPU
		{B1EC3B27-4197-494C-BE50-E0A5B5785C24}.Release|Any CPU.Build.0 = Release|Any CPU
		{D20A0201-C930-444E-A131-90B14CF0A648}.Debug|Any CPU.ActiveCfg = Debug|Any CPU
		{D20A0201-C930-444E-A131-90B14CF0A648}.Debug|Any CPU.Build.0 = Debug|Any CPU
		{D20A0201-C930-444E-A131-90B14CF0A648}.Release|Any CPU.ActiveCfg = Release|Any CPU
		{D20A0201-C930-444E-A131-90B14CF0A648}.Release|Any CPU.Build.0 = Release|Any CPU
		{FC4C9C2A-8877-43B2-B72D-9560A03C4AA4}.Debug|Any CPU.ActiveCfg = Debug|Any CPU
		{FC4C9C2A-8877-43B2-B72D-9560A03C4AA4}.Debug|Any CPU.Build.0 = Debug|Any CPU
		{FC4C9C2A-8877-43B2-B72D-9560A03C4AA4}.Release|Any CPU.ActiveCfg = Release|Any CPU
		{FC4C9C2A-8877-43B2-B72D-9560A03C4AA4}.Release|Any CPU.Build.0 = Release|Any CPU
	EndGlobalSection
	GlobalSection(SolutionProperties) = preSolution
		HideSolutionNode = FALSE
	EndGlobalSection
	GlobalSection(ExtensibilityGlobals) = postSolution
		SolutionGuid = {E3FB4A0A-A351-4645-967B-E1F76F344C93}
	EndGlobalSection
EndGlobal
