
Microsoft Visual Studio Solution File, Format Version 12.00
# Visual Studio Version 17
VisualStudioVersion = 17.2.32616.157
MinimumVisualStudioVersion = 10.0.40219.1
Project("{9A19103F-16F7-4668-BE54-9A1E7A4F7556}") = "01. Excellent Result", "01. Excellent Result\01. Excellent Result.csproj", "{A3498059-7742-489E-8797-962801506E38}"
EndProject
Project("{9A19103F-16F7-4668-BE54-9A1E7A4F7556}") = "02. Greater Number", "02. Greater Number\02. Greater Number.csproj", "{CCABE96B-52B7-41DD-8CA4-C305C9D55FC4}"
EndProject
Project("{9A19103F-16F7-4668-BE54-9A1E7A4F7556}") = "03. Even or Odd", "03. Even or Odd\03. Even or Odd.csproj", "{A91A4FAC-108E-431A-83A3-DF96210D7FAB}"
EndProject
Project("{FAE04EC0-301F-11D3-BF4B-00C04F79EFBC}") = "04. Password Guess", "04. Password Guess\04. Password Guess.csproj", "{91D7D9D1-72F8-4648-B3B0-22EC96258255}"
EndProject
Project("{FAE04EC0-301F-11D3-BF4B-00C04F79EFBC}") = "05. Number 100.200", "05. Number 100.200\05. Number 100.200.csproj", "{D8CFFC08-A2E2-411F-869F-F3607F4093ED}"
EndProject
Project("{FAE04EC0-301F-11D3-BF4B-00C04F79EFBC}") = "06. Speed Info", "06. Speed Info\06. Speed Info.csproj", "{D681A1B7-0AAD-4F8F-9E7B-9FC772021576}"
EndProject
Project("{FAE04EC0-301F-11D3-BF4B-00C04F79EFBC}") = "07. Area of Figures", "07. Area of Figures\07. Area of Figures.csproj", "{D5FABC38-94F5-466D-BD5A-8A69E3867B54}"
EndProject
Global
	GlobalSection(SolutionConfigurationPlatforms) = preSolution
		Debug|Any CPU = Debug|Any CPU
		Release|Any CPU = Release|Any CPU
	EndGlobalSection
	GlobalSection(ProjectConfigurationPlatforms) = postSolution
		{A3498059-7742-489E-8797-962801506E38}.Debug|Any CPU.ActiveCfg = Debug|Any CPU
		{A3498059-7742-489E-8797-962801506E38}.Debug|Any CPU.Build.0 = Debug|Any CPU
		{A3498059-7742-489E-8797-962801506E38}.Release|Any CPU.ActiveCfg = Release|Any CPU
		{A3498059-7742-489E-8797-962801506E38}.Release|Any CPU.Build.0 = Release|Any CPU
		{CCABE96B-52B7-41DD-8CA4-C305C9D55FC4}.Debug|Any CPU.ActiveCfg = Debug|Any CPU
		{CCABE96B-52B7-41DD-8CA4-C305C9D55FC4}.Debug|Any CPU.Build.0 = Debug|Any CPU
		{CCABE96B-52B7-41DD-8CA4-C305C9D55FC4}.Release|Any CPU.ActiveCfg = Release|Any CPU
		{CCABE96B-52B7-41DD-8CA4-C305C9D55FC4}.Release|Any CPU.Build.0 = Release|Any CPU
		{A91A4FAC-108E-431A-83A3-DF96210D7FAB}.Debug|Any CPU.ActiveCfg = Debug|Any CPU
		{A91A4FAC-108E-431A-83A3-DF96210D7FAB}.Debug|Any CPU.Build.0 = Debug|Any CPU
		{A91A4FAC-108E-431A-83A3-DF96210D7FAB}.Release|Any CPU.ActiveCfg = Release|Any CPU
		{A91A4FAC-108E-431A-83A3-DF96210D7FAB}.Release|Any CPU.Build.0 = Release|Any CPU
		{91D7D9D1-72F8-4648-B3B0-22EC96258255}.Debug|Any CPU.ActiveCfg = Debug|Any CPU
		{91D7D9D1-72F8-4648-B3B0-22EC96258255}.Debug|Any CPU.Build.0 = Debug|Any CPU
		{91D7D9D1-72F8-4648-B3B0-22EC96258255}.Release|Any CPU.ActiveCfg = Release|Any CPU
		{91D7D9D1-72F8-4648-B3B0-22EC96258255}.Release|Any CPU.Build.0 = Release|Any CPU
		{D8CFFC08-A2E2-411F-869F-F3607F4093ED}.Debug|Any CPU.ActiveCfg = Debug|Any CPU
		{D8CFFC08-A2E2-411F-869F-F3607F4093ED}.Debug|Any CPU.Build.0 = Debug|Any CPU
		{D8CFFC08-A2E2-411F-869F-F3607F4093ED}.Release|Any CPU.ActiveCfg = Release|Any CPU
		{D8CFFC08-A2E2-411F-869F-F3607F4093ED}.Release|Any CPU.Build.0 = Release|Any CPU
		{D681A1B7-0AAD-4F8F-9E7B-9FC772021576}.Debug|Any CPU.ActiveCfg = Debug|Any CPU
		{D681A1B7-0AAD-4F8F-9E7B-9FC772021576}.Debug|Any CPU.Build.0 = Debug|Any CPU
		{D681A1B7-0AAD-4F8F-9E7B-9FC772021576}.Release|Any CPU.ActiveCfg = Release|Any CPU
		{D681A1B7-0AAD-4F8F-9E7B-9FC772021576}.Release|Any CPU.Build.0 = Release|Any CPU
		{D5FABC38-94F5-466D-BD5A-8A69E3867B54}.Debug|Any CPU.ActiveCfg = Debug|Any CPU
		{D5FABC38-94F5-466D-BD5A-8A69E3867B54}.Debug|Any CPU.Build.0 = Debug|Any CPU
		{D5FABC38-94F5-466D-BD5A-8A69E3867B54}.Release|Any CPU.ActiveCfg = Release|Any CPU
		{D5FABC38-94F5-466D-BD5A-8A69E3867B54}.Release|Any CPU.Build.0 = Release|Any CPU
	EndGlobalSection
	GlobalSection(SolutionProperties) = preSolution
		HideSolutionNode = FALSE
	EndGlobalSection
	GlobalSection(ExtensibilityGlobals) = postSolution
		SolutionGuid = {E4A13485-0169-4F98-AD7D-9333D1D600D4}
	EndGlobalSection
EndGlobal
