
Microsoft Visual Studio Solution File, Format Version 12.00
# Visual Studio Version 17
VisualStudioVersion = 17.2.32616.157
MinimumVisualStudioVersion = 10.0.40219.1
Project("{9A19103F-16F7-4668-BE54-9A1E7A4F7556}") = "01. Day of Week", "01. Day of Week\01. Day of Week.csproj", "{BF4C3EF0-CC3D-4C30-812F-AFA109969838}"
EndProject
Project("{9A19103F-16F7-4668-BE54-9A1E7A4F7556}") = "02.Weekend or Working Day", "02.Weekend or Working Day\02.Weekend or Working Day.csproj", "{19938CBB-F317-4A42-BB94-DD987290BFDA}"
EndProject
Project("{9A19103F-16F7-4668-BE54-9A1E7A4F7556}") = "03. Animal Type", "03. Animal Type\03. Animal Type.csproj", "{DE73A1FE-A947-4F0E-99F4-54F83A077276}"
EndProject
Project("{9A19103F-16F7-4668-BE54-9A1E7A4F7556}") = "04. Personal Titles", "04. Personal Titles\04. Personal Titles.csproj", "{5EEC6A2C-9D55-46D1-BB65-8B54294CC4C1}"
EndProject
Project("{9A19103F-16F7-4668-BE54-9A1E7A4F7556}") = "05. Small Shop", "05. Small Shop\05. Small Shop.csproj", "{3557609F-04E6-44DC-99E1-DDB098F51D68}"
EndProject
Project("{9A19103F-16F7-4668-BE54-9A1E7A4F7556}") = "06. Number in Range", "06. Number in Range\06. Number in Range.csproj", "{59409D84-6A6D-4947-BFB7-A3077EBBE9E0}"
EndProject
Project("{FAE04EC0-301F-11D3-BF4B-00C04F79EFBC}") = "07.Working Hours", "07.Working Hours\07.Working Hours.csproj", "{A3FCF860-4782-4C9D-9DF8-B5A292140B69}"
EndProject
Project("{FAE04EC0-301F-11D3-BF4B-00C04F79EFBC}") = "08.Cinema Ticket", "08.Cinema Ticket\08.Cinema Ticket.csproj", "{C4CBFB38-0AFB-45F6-8D1B-56E184AE7CC0}"
EndProject
Project("{FAE04EC0-301F-11D3-BF4B-00C04F79EFBC}") = "09. Fruit or Vegetable", "09. Fruit or Vegetable\09. Fruit or Vegetable.csproj", "{8C28BDF6-B841-4A0D-89DE-4BCFF9B3E64F}"
EndProject
Project("{FAE04EC0-301F-11D3-BF4B-00C04F79EFBC}") = "10. Invalid Number", "10. Invalid Number\10. Invalid Number.csproj", "{F5A4E689-18B0-48CC-A338-168E910EA7B0}"
EndProject
Project("{FAE04EC0-301F-11D3-BF4B-00C04F79EFBC}") = "11. Fruit Shop", "11. Fruit Shop\11. Fruit Shop.csproj", "{78CC8238-B833-41E7-AA2B-BABFF0DFBFCE}"
EndProject
Project("{FAE04EC0-301F-11D3-BF4B-00C04F79EFBC}") = "12. Trade Commissions", "12. Trade Commissions\12. Trade Commissions.csproj", "{F5693623-8954-415A-84BF-0C75DDC098DB}"
EndProject
Global
	GlobalSection(SolutionConfigurationPlatforms) = preSolution
		Debug|Any CPU = Debug|Any CPU
		Release|Any CPU = Release|Any CPU
	EndGlobalSection
	GlobalSection(ProjectConfigurationPlatforms) = postSolution
		{BF4C3EF0-CC3D-4C30-812F-AFA109969838}.Debug|Any CPU.ActiveCfg = Debug|Any CPU
		{BF4C3EF0-CC3D-4C30-812F-AFA109969838}.Debug|Any CPU.Build.0 = Debug|Any CPU
		{BF4C3EF0-CC3D-4C30-812F-AFA109969838}.Release|Any CPU.ActiveCfg = Release|Any CPU
		{BF4C3EF0-CC3D-4C30-812F-AFA109969838}.Release|Any CPU.Build.0 = Release|Any CPU
		{19938CBB-F317-4A42-BB94-DD987290BFDA}.Debug|Any CPU.ActiveCfg = Debug|Any CPU
		{19938CBB-F317-4A42-BB94-DD987290BFDA}.Debug|Any CPU.Build.0 = Debug|Any CPU
		{19938CBB-F317-4A42-BB94-DD987290BFDA}.Release|Any CPU.ActiveCfg = Release|Any CPU
		{19938CBB-F317-4A42-BB94-DD987290BFDA}.Release|Any CPU.Build.0 = Release|Any CPU
		{DE73A1FE-A947-4F0E-99F4-54F83A077276}.Debug|Any CPU.ActiveCfg = Debug|Any CPU
		{DE73A1FE-A947-4F0E-99F4-54F83A077276}.Debug|Any CPU.Build.0 = Debug|Any CPU
		{DE73A1FE-A947-4F0E-99F4-54F83A077276}.Release|Any CPU.ActiveCfg = Release|Any CPU
		{DE73A1FE-A947-4F0E-99F4-54F83A077276}.Release|Any CPU.Build.0 = Release|Any CPU
		{5EEC6A2C-9D55-46D1-BB65-8B54294CC4C1}.Debug|Any CPU.ActiveCfg = Debug|Any CPU
		{5EEC6A2C-9D55-46D1-BB65-8B54294CC4C1}.Debug|Any CPU.Build.0 = Debug|Any CPU
		{5EEC6A2C-9D55-46D1-BB65-8B54294CC4C1}.Release|Any CPU.ActiveCfg = Release|Any CPU
		{5EEC6A2C-9D55-46D1-BB65-8B54294CC4C1}.Release|Any CPU.Build.0 = Release|Any CPU
		{3557609F-04E6-44DC-99E1-DDB098F51D68}.Debug|Any CPU.ActiveCfg = Debug|Any CPU
		{3557609F-04E6-44DC-99E1-DDB098F51D68}.Debug|Any CPU.Build.0 = Debug|Any CPU
		{3557609F-04E6-44DC-99E1-DDB098F51D68}.Release|Any CPU.ActiveCfg = Release|Any CPU
		{3557609F-04E6-44DC-99E1-DDB098F51D68}.Release|Any CPU.Build.0 = Release|Any CPU
		{59409D84-6A6D-4947-BFB7-A3077EBBE9E0}.Debug|Any CPU.ActiveCfg = Debug|Any CPU
		{59409D84-6A6D-4947-BFB7-A3077EBBE9E0}.Debug|Any CPU.Build.0 = Debug|Any CPU
		{59409D84-6A6D-4947-BFB7-A3077EBBE9E0}.Release|Any CPU.ActiveCfg = Release|Any CPU
		{59409D84-6A6D-4947-BFB7-A3077EBBE9E0}.Release|Any CPU.Build.0 = Release|Any CPU
		{A3FCF860-4782-4C9D-9DF8-B5A292140B69}.Debug|Any CPU.ActiveCfg = Debug|Any CPU
		{A3FCF860-4782-4C9D-9DF8-B5A292140B69}.Debug|Any CPU.Build.0 = Debug|Any CPU
		{A3FCF860-4782-4C9D-9DF8-B5A292140B69}.Release|Any CPU.ActiveCfg = Release|Any CPU
		{A3FCF860-4782-4C9D-9DF8-B5A292140B69}.Release|Any CPU.Build.0 = Release|Any CPU
		{C4CBFB38-0AFB-45F6-8D1B-56E184AE7CC0}.Debug|Any CPU.ActiveCfg = Debug|Any CPU
		{C4CBFB38-0AFB-45F6-8D1B-56E184AE7CC0}.Debug|Any CPU.Build.0 = Debug|Any CPU
		{C4CBFB38-0AFB-45F6-8D1B-56E184AE7CC0}.Release|Any CPU.ActiveCfg = Release|Any CPU
		{C4CBFB38-0AFB-45F6-8D1B-56E184AE7CC0}.Release|Any CPU.Build.0 = Release|Any CPU
		{8C28BDF6-B841-4A0D-89DE-4BCFF9B3E64F}.Debug|Any CPU.ActiveCfg = Debug|Any CPU
		{8C28BDF6-B841-4A0D-89DE-4BCFF9B3E64F}.Debug|Any CPU.Build.0 = Debug|Any CPU
		{8C28BDF6-B841-4A0D-89DE-4BCFF9B3E64F}.Release|Any CPU.ActiveCfg = Release|Any CPU
		{8C28BDF6-B841-4A0D-89DE-4BCFF9B3E64F}.Release|Any CPU.Build.0 = Release|Any CPU
		{F5A4E689-18B0-48CC-A338-168E910EA7B0}.Debug|Any CPU.ActiveCfg = Debug|Any CPU
		{F5A4E689-18B0-48CC-A338-168E910EA7B0}.Debug|Any CPU.Build.0 = Debug|Any CPU
		{F5A4E689-18B0-48CC-A338-168E910EA7B0}.Release|Any CPU.ActiveCfg = Release|Any CPU
		{F5A4E689-18B0-48CC-A338-168E910EA7B0}.Release|Any CPU.Build.0 = Release|Any CPU
		{78CC8238-B833-41E7-AA2B-BABFF0DFBFCE}.Debug|Any CPU.ActiveCfg = Debug|Any CPU
		{78CC8238-B833-41E7-AA2B-BABFF0DFBFCE}.Debug|Any CPU.Build.0 = Debug|Any CPU
		{78CC8238-B833-41E7-AA2B-BABFF0DFBFCE}.Release|Any CPU.ActiveCfg = Release|Any CPU
		{78CC8238-B833-41E7-AA2B-BABFF0DFBFCE}.Release|Any CPU.Build.0 = Release|Any CPU
		{F5693623-8954-415A-84BF-0C75DDC098DB}.Debug|Any CPU.ActiveCfg = Debug|Any CPU
		{F5693623-8954-415A-84BF-0C75DDC098DB}.Debug|Any CPU.Build.0 = Debug|Any CPU
		{F5693623-8954-415A-84BF-0C75DDC098DB}.Release|Any CPU.ActiveCfg = Release|Any CPU
		{F5693623-8954-415A-84BF-0C75DDC098DB}.Release|Any CPU.Build.0 = Release|Any CPU
	EndGlobalSection
	GlobalSection(SolutionProperties) = preSolution
		HideSolutionNode = FALSE
	EndGlobalSection
	GlobalSection(ExtensibilityGlobals) = postSolution
		SolutionGuid = {8D6F0622-8042-4F3C-B964-D0A160784D56}
	EndGlobalSection
EndGlobal
