
Microsoft Visual Studio Solution File, Format Version 12.00
# Visual Studio Version 17
VisualStudioVersion = 17.2.32616.157
MinimumVisualStudioVersion = 10.0.40219.1
Project("{FAE04EC0-301F-11D3-BF4B-00C04F79EFBC}") = "01. Cinema", "01. Cinema\01. Cinema.csproj", "{A796A7A4-462D-4193-964D-2F516D47D384}"
EndProject
Project("{FAE04EC0-301F-11D3-BF4B-00C04F79EFBC}") = "02. Summer Outfit", "02. Summer Outfit\02. Summer Outfit.csproj", "{2C10BA4C-BC4B-46EC-B3F0-75CF00D24840}"
EndProject
Project("{FAE04EC0-301F-11D3-BF4B-00C04F79EFBC}") = "03. New House", "03. New House\03. New House.csproj", "{D718FD87-896B-4A36-AB58-DEAE36FEFA83}"
EndProject
Project("{FAE04EC0-301F-11D3-BF4B-00C04F79EFBC}") = "04. Fishing Boat", "04. Fishing Boat\04. Fishing Boat.csproj", "{0DC65ADD-F6DA-470C-B8EE-A788E9267D29}"
EndProject
Project("{FAE04EC0-301F-11D3-BF4B-00C04F79EFBC}") = "05. Journey", "05. Journey\05. Journey.csproj", "{D5BCEC4E-ED02-4320-A47E-0E3F70EEA627}"
EndProject
Project("{FAE04EC0-301F-11D3-BF4B-00C04F79EFBC}") = "06. Operations Between Numbers", "06. Operations Between Numbers\06. Operations Between Numbers.csproj", "{BC354C79-990B-42CB-8DF8-27EAFF92F964}"
EndProject
Project("{FAE04EC0-301F-11D3-BF4B-00C04F79EFBC}") = "07. Hotel Room", "07. Hotel Room\07. Hotel Room.csproj", "{4DB9454F-CF1A-40E0-8E06-32997B031860}"
EndProject
Project("{FAE04EC0-301F-11D3-BF4B-00C04F79EFBC}") = "08. On Time for the Exam", "08. On Time for the Exam\08. On Time for the Exam.csproj", "{12D52E91-B94E-4408-8C8E-CE83084D0245}"
EndProject
Project("{FAE04EC0-301F-11D3-BF4B-00C04F79EFBC}") = "09. Ski Trip", "09. Ski Trip\09. Ski Trip.csproj", "{A5EF43CA-32DF-4405-9FD6-2114D0F206DC}"
EndProject
Global
	GlobalSection(SolutionConfigurationPlatforms) = preSolution
		Debug|Any CPU = Debug|Any CPU
		Release|Any CPU = Release|Any CPU
	EndGlobalSection
	GlobalSection(ProjectConfigurationPlatforms) = postSolution
		{A796A7A4-462D-4193-964D-2F516D47D384}.Debug|Any CPU.ActiveCfg = Debug|Any CPU
		{A796A7A4-462D-4193-964D-2F516D47D384}.Debug|Any CPU.Build.0 = Debug|Any CPU
		{A796A7A4-462D-4193-964D-2F516D47D384}.Release|Any CPU.ActiveCfg = Release|Any CPU
		{A796A7A4-462D-4193-964D-2F516D47D384}.Release|Any CPU.Build.0 = Release|Any CPU
		{2C10BA4C-BC4B-46EC-B3F0-75CF00D24840}.Debug|Any CPU.ActiveCfg = Debug|Any CPU
		{2C10BA4C-BC4B-46EC-B3F0-75CF00D24840}.Debug|Any CPU.Build.0 = Debug|Any CPU
		{2C10BA4C-BC4B-46EC-B3F0-75CF00D24840}.Release|Any CPU.ActiveCfg = Release|Any CPU
		{2C10BA4C-BC4B-46EC-B3F0-75CF00D24840}.Release|Any CPU.Build.0 = Release|Any CPU
		{D718FD87-896B-4A36-AB58-DEAE36FEFA83}.Debug|Any CPU.ActiveCfg = Debug|Any CPU
		{D718FD87-896B-4A36-AB58-DEAE36FEFA83}.Debug|Any CPU.Build.0 = Debug|Any CPU
		{D718FD87-896B-4A36-AB58-DEAE36FEFA83}.Release|Any CPU.ActiveCfg = Release|Any CPU
		{D718FD87-896B-4A36-AB58-DEAE36FEFA83}.Release|Any CPU.Build.0 = Release|Any CPU
		{0DC65ADD-F6DA-470C-B8EE-A788E9267D29}.Debug|Any CPU.ActiveCfg = Debug|Any CPU
		{0DC65ADD-F6DA-470C-B8EE-A788E9267D29}.Debug|Any CPU.Build.0 = Debug|Any CPU
		{0DC65ADD-F6DA-470C-B8EE-A788E9267D29}.Release|Any CPU.ActiveCfg = Release|Any CPU
		{0DC65ADD-F6DA-470C-B8EE-A788E9267D29}.Release|Any CPU.Build.0 = Release|Any CPU
		{D5BCEC4E-ED02-4320-A47E-0E3F70EEA627}.Debug|Any CPU.ActiveCfg = Debug|Any CPU
		{D5BCEC4E-ED02-4320-A47E-0E3F70EEA627}.Debug|Any CPU.Build.0 = Debug|Any CPU
		{D5BCEC4E-ED02-4320-A47E-0E3F70EEA627}.Release|Any CPU.ActiveCfg = Release|Any CPU
		{D5BCEC4E-ED02-4320-A47E-0E3F70EEA627}.Release|Any CPU.Build.0 = Release|Any CPU
		{BC354C79-990B-42CB-8DF8-27EAFF92F964}.Debug|Any CPU.ActiveCfg = Debug|Any CPU
		{BC354C79-990B-42CB-8DF8-27EAFF92F964}.Debug|Any CPU.Build.0 = Debug|Any CPU
		{BC354C79-990B-42CB-8DF8-27EAFF92F964}.Release|Any CPU.ActiveCfg = Release|Any CPU
		{BC354C79-990B-42CB-8DF8-27EAFF92F964}.Release|Any CPU.Build.0 = Release|Any CPU
		{4DB9454F-CF1A-40E0-8E06-32997B031860}.Debug|Any CPU.ActiveCfg = Debug|Any CPU
		{4DB9454F-CF1A-40E0-8E06-32997B031860}.Debug|Any CPU.Build.0 = Debug|Any CPU
		{4DB9454F-CF1A-40E0-8E06-32997B031860}.Release|Any CPU.ActiveCfg = Release|Any CPU
		{4DB9454F-CF1A-40E0-8E06-32997B031860}.Release|Any CPU.Build.0 = Release|Any CPU
		{12D52E91-B94E-4408-8C8E-CE83084D0245}.Debug|Any CPU.ActiveCfg = Debug|Any CPU
		{12D52E91-B94E-4408-8C8E-CE83084D0245}.Debug|Any CPU.Build.0 = Debug|Any CPU
		{12D52E91-B94E-4408-8C8E-CE83084D0245}.Release|Any CPU.ActiveCfg = Release|Any CPU
		{12D52E91-B94E-4408-8C8E-CE83084D0245}.Release|Any CPU.Build.0 = Release|Any CPU
		{A5EF43CA-32DF-4405-9FD6-2114D0F206DC}.Debug|Any CPU.ActiveCfg = Debug|Any CPU
		{A5EF43CA-32DF-4405-9FD6-2114D0F206DC}.Debug|Any CPU.Build.0 = Debug|Any CPU
		{A5EF43CA-32DF-4405-9FD6-2114D0F206DC}.Release|Any CPU.ActiveCfg = Release|Any CPU
		{A5EF43CA-32DF-4405-9FD6-2114D0F206DC}.Release|Any CPU.Build.0 = Release|Any CPU
	EndGlobalSection
	GlobalSection(SolutionProperties) = preSolution
		HideSolutionNode = FALSE
	EndGlobalSection
	GlobalSection(ExtensibilityGlobals) = postSolution
		SolutionGuid = {7B0C41CE-F229-4757-992F-CF7CBA2B3434}
	EndGlobalSection
EndGlobal
