
Microsoft Visual Studio Solution File, Format Version 12.00
# Visual Studio Version 17
VisualStudioVersion = 17.2.32630.192
MinimumVisualStudioVersion = 10.0.40219.1
Project("{FAE04EC0-301F-11D3-BF4B-00C04F79EFBC}") = "01. Read Text", "01. Read Text\01. Read Text.csproj", "{B9EC4B8B-2FBA-4D31-953E-ED95A002E5BA}"
EndProject
Project("{FAE04EC0-301F-11D3-BF4B-00C04F79EFBC}") = "02. Password", "02. Password\02. Password.csproj", "{7CA5B466-97D0-4C28-9366-2108B162DB12}"
EndProject
Project("{FAE04EC0-301F-11D3-BF4B-00C04F79EFBC}") = "03. Sum Numbers", "03. Sum Numbers\03. Sum Numbers.csproj", "{AA9FEB4C-72B7-4A90-8BD2-7B1888BF10C8}"
EndProject
Project("{FAE04EC0-301F-11D3-BF4B-00C04F79EFBC}") = "04. Sequence 2k+1", "04. Sequence 2k+1\04. Sequence 2k+1.csproj", "{A60CA517-5DAF-4DA3-B187-64EEE172D555}"
EndProject
Project("{FAE04EC0-301F-11D3-BF4B-00C04F79EFBC}") = "05. Account Balance", "05. Account Balance\05. Account Balance.csproj", "{3368FFD8-DD36-4DDD-9291-96ABB9264F3E}"
EndProject
Project("{FAE04EC0-301F-11D3-BF4B-00C04F79EFBC}") = "06. Max Number", "06. Max Number\06. Max Number.csproj", "{22AC3EB3-21AE-4369-83D5-A3FE6588F4AA}"
EndProject
Project("{FAE04EC0-301F-11D3-BF4B-00C04F79EFBC}") = "07. Min Number", "07. Min Number\07. Min Number.csproj", "{E40626BE-2EC0-4360-9A2A-E73E84DE59F1}"
EndProject
Project("{FAE04EC0-301F-11D3-BF4B-00C04F79EFBC}") = "08. Graduation", "08. Graduation\08. Graduation.csproj", "{5B00EE07-BD5A-4A39-9012-A93B23B5CAD7}"
EndProject
Global
	GlobalSection(SolutionConfigurationPlatforms) = preSolution
		Debug|Any CPU = Debug|Any CPU
		Release|Any CPU = Release|Any CPU
	EndGlobalSection
	GlobalSection(ProjectConfigurationPlatforms) = postSolution
		{B9EC4B8B-2FBA-4D31-953E-ED95A002E5BA}.Debug|Any CPU.ActiveCfg = Debug|Any CPU
		{B9EC4B8B-2FBA-4D31-953E-ED95A002E5BA}.Debug|Any CPU.Build.0 = Debug|Any CPU
		{B9EC4B8B-2FBA-4D31-953E-ED95A002E5BA}.Release|Any CPU.ActiveCfg = Release|Any CPU
		{B9EC4B8B-2FBA-4D31-953E-ED95A002E5BA}.Release|Any CPU.Build.0 = Release|Any CPU
		{7CA5B466-97D0-4C28-9366-2108B162DB12}.Debug|Any CPU.ActiveCfg = Debug|Any CPU
		{7CA5B466-97D0-4C28-9366-2108B162DB12}.Debug|Any CPU.Build.0 = Debug|Any CPU
		{7CA5B466-97D0-4C28-9366-2108B162DB12}.Release|Any CPU.ActiveCfg = Release|Any CPU
		{7CA5B466-97D0-4C28-9366-2108B162DB12}.Release|Any CPU.Build.0 = Release|Any CPU
		{AA9FEB4C-72B7-4A90-8BD2-7B1888BF10C8}.Debug|Any CPU.ActiveCfg = Debug|Any CPU
		{AA9FEB4C-72B7-4A90-8BD2-7B1888BF10C8}.Debug|Any CPU.Build.0 = Debug|Any CPU
		{AA9FEB4C-72B7-4A90-8BD2-7B1888BF10C8}.Release|Any CPU.ActiveCfg = Release|Any CPU
		{AA9FEB4C-72B7-4A90-8BD2-7B1888BF10C8}.Release|Any CPU.Build.0 = Release|Any CPU
		{A60CA517-5DAF-4DA3-B187-64EEE172D555}.Debug|Any CPU.ActiveCfg = Debug|Any CPU
		{A60CA517-5DAF-4DA3-B187-64EEE172D555}.Debug|Any CPU.Build.0 = Debug|Any CPU
		{A60CA517-5DAF-4DA3-B187-64EEE172D555}.Release|Any CPU.ActiveCfg = Release|Any CPU
		{A60CA517-5DAF-4DA3-B187-64EEE172D555}.Release|Any CPU.Build.0 = Release|Any CPU
		{3368FFD8-DD36-4DDD-9291-96ABB9264F3E}.Debug|Any CPU.ActiveCfg = Debug|Any CPU
		{3368FFD8-DD36-4DDD-9291-96ABB9264F3E}.Debug|Any CPU.Build.0 = Debug|Any CPU
		{3368FFD8-DD36-4DDD-9291-96ABB9264F3E}.Release|Any CPU.ActiveCfg = Release|Any CPU
		{3368FFD8-DD36-4DDD-9291-96ABB9264F3E}.Release|Any CPU.Build.0 = Release|Any CPU
		{22AC3EB3-21AE-4369-83D5-A3FE6588F4AA}.Debug|Any CPU.ActiveCfg = Debug|Any CPU
		{22AC3EB3-21AE-4369-83D5-A3FE6588F4AA}.Debug|Any CPU.Build.0 = Debug|Any CPU
		{22AC3EB3-21AE-4369-83D5-A3FE6588F4AA}.Release|Any CPU.ActiveCfg = Release|Any CPU
		{22AC3EB3-21AE-4369-83D5-A3FE6588F4AA}.Release|Any CPU.Build.0 = Release|Any CPU
		{E40626BE-2EC0-4360-9A2A-E73E84DE59F1}.Debug|Any CPU.ActiveCfg = Debug|Any CPU
		{E40626BE-2EC0-4360-9A2A-E73E84DE59F1}.Debug|Any CPU.Build.0 = Debug|Any CPU
		{E40626BE-2EC0-4360-9A2A-E73E84DE59F1}.Release|Any CPU.ActiveCfg = Release|Any CPU
		{E40626BE-2EC0-4360-9A2A-E73E84DE59F1}.Release|Any CPU.Build.0 = Release|Any CPU
		{5B00EE07-BD5A-4A39-9012-A93B23B5CAD7}.Debug|Any CPU.ActiveCfg = Debug|Any CPU
		{5B00EE07-BD5A-4A39-9012-A93B23B5CAD7}.Debug|Any CPU.Build.0 = Debug|Any CPU
		{5B00EE07-BD5A-4A39-9012-A93B23B5CAD7}.Release|Any CPU.ActiveCfg = Release|Any CPU
		{5B00EE07-BD5A-4A39-9012-A93B23B5CAD7}.Release|Any CPU.Build.0 = Release|Any CPU
	EndGlobalSection
	GlobalSection(SolutionProperties) = preSolution
		HideSolutionNode = FALSE
	EndGlobalSection
	GlobalSection(ExtensibilityGlobals) = postSolution
		SolutionGuid = {D2F5C35F-933F-4FB4-8DEF-6335D7E09FFB}
	EndGlobalSection
EndGlobal
