
Microsoft Visual Studio Solution File, Format Version 12.00
# Visual Studio Version 17
VisualStudioVersion = 17.2.32630.192
MinimumVisualStudioVersion = 10.0.40219.1
Project("{9A19103F-16F7-4668-BE54-9A1E7A4F7556}") = "01. Pool Day", "01. Pool Day\01. Pool Day.csproj", "{F64FFAC3-D803-42A2-A10D-087962D9C6BB}"
EndProject
Project("{9A19103F-16F7-4668-BE54-9A1E7A4F7556}") = "02. Family", "02. Family\02. Family.csproj", "{1F642140-8384-47D9-A7D4-706B854F5BFD}"
EndProject
Project("{9A19103F-16F7-4668-BE54-9A1E7A4F7556}") = "03.Coffee", "03.Coffee\03.Coffee.csproj", "{908D1214-D90F-485B-ABE0-50F30DB59176}"
EndProject
Project("{9A19103F-16F7-4668-BE54-9A1E7A4F7556}") = "03. Travel", "03. Travel\03. Travel.csproj", "{9C95DF6B-5F41-4512-9F7B-19FDECA29445}"
EndProject
Project("{9A19103F-16F7-4668-BE54-9A1E7A4F7556}") = "04. Club", "04. Club\04. Club.csproj", "{F3AF496A-4057-42F4-8630-D109733804D3}"
EndProject
Project("{9A19103F-16F7-4668-BE54-9A1E7A4F7556}") = "04. Renova", "04. Renova\04. Renova.csproj", "{AE60CFDE-AF06-4DDC-A2FB-75C7AB32AD76}"
EndProject
Project("{FAE04EC0-301F-11D3-BF4B-00C04F79EFBC}") = "05. PCGame", "05. PCGame\05. PCGame.csproj", "{8F34D739-733A-4CA0-9887-68475DB4EFD2}"
EndProject
Project("{FAE04EC0-301F-11D3-BF4B-00C04F79EFBC}") = "05.Football", "05.Football\05.Football.csproj", "{0CB917B6-2232-4303-893A-C02863B8F9EA}"
EndProject
Project("{FAE04EC0-301F-11D3-BF4B-00C04F79EFBC}") = "06.NameGame", "06.NameGame\06.NameGame.csproj", "{492317F8-3A4E-4274-837D-08C197EB7CFE}"
EndProject
Project("{FAE04EC0-301F-11D3-BF4B-00C04F79EFBC}") = "06.TheMost", "06.TheMost\06.TheMost.csproj", "{2B3EABC3-D617-43AD-8225-3B0FC6E3BAE7}"
EndProject
Global
	GlobalSection(SolutionConfigurationPlatforms) = preSolution
		Debug|Any CPU = Debug|Any CPU
		Release|Any CPU = Release|Any CPU
	EndGlobalSection
	GlobalSection(ProjectConfigurationPlatforms) = postSolution
		{F64FFAC3-D803-42A2-A10D-087962D9C6BB}.Debug|Any CPU.ActiveCfg = Debug|Any CPU
		{F64FFAC3-D803-42A2-A10D-087962D9C6BB}.Debug|Any CPU.Build.0 = Debug|Any CPU
		{F64FFAC3-D803-42A2-A10D-087962D9C6BB}.Release|Any CPU.ActiveCfg = Release|Any CPU
		{F64FFAC3-D803-42A2-A10D-087962D9C6BB}.Release|Any CPU.Build.0 = Release|Any CPU
		{1F642140-8384-47D9-A7D4-706B854F5BFD}.Debug|Any CPU.ActiveCfg = Debug|Any CPU
		{1F642140-8384-47D9-A7D4-706B854F5BFD}.Debug|Any CPU.Build.0 = Debug|Any CPU
		{1F642140-8384-47D9-A7D4-706B854F5BFD}.Release|Any CPU.ActiveCfg = Release|Any CPU
		{1F642140-8384-47D9-A7D4-706B854F5BFD}.Release|Any CPU.Build.0 = Release|Any CPU
		{908D1214-D90F-485B-ABE0-50F30DB59176}.Debug|Any CPU.ActiveCfg = Debug|Any CPU
		{908D1214-D90F-485B-ABE0-50F30DB59176}.Debug|Any CPU.Build.0 = Debug|Any CPU
		{908D1214-D90F-485B-ABE0-50F30DB59176}.Release|Any CPU.ActiveCfg = Release|Any CPU
		{908D1214-D90F-485B-ABE0-50F30DB59176}.Release|Any CPU.Build.0 = Release|Any CPU
		{9C95DF6B-5F41-4512-9F7B-19FDECA29445}.Debug|Any CPU.ActiveCfg = Debug|Any CPU
		{9C95DF6B-5F41-4512-9F7B-19FDECA29445}.Debug|Any CPU.Build.0 = Debug|Any CPU
		{9C95DF6B-5F41-4512-9F7B-19FDECA29445}.Release|Any CPU.ActiveCfg = Release|Any CPU
		{9C95DF6B-5F41-4512-9F7B-19FDECA29445}.Release|Any CPU.Build.0 = Release|Any CPU
		{F3AF496A-4057-42F4-8630-D109733804D3}.Debug|Any CPU.ActiveCfg = Debug|Any CPU
		{F3AF496A-4057-42F4-8630-D109733804D3}.Debug|Any CPU.Build.0 = Debug|Any CPU
		{F3AF496A-4057-42F4-8630-D109733804D3}.Release|Any CPU.ActiveCfg = Release|Any CPU
		{F3AF496A-4057-42F4-8630-D109733804D3}.Release|Any CPU.Build.0 = Release|Any CPU
		{AE60CFDE-AF06-4DDC-A2FB-75C7AB32AD76}.Debug|Any CPU.ActiveCfg = Debug|Any CPU
		{AE60CFDE-AF06-4DDC-A2FB-75C7AB32AD76}.Debug|Any CPU.Build.0 = Debug|Any CPU
		{AE60CFDE-AF06-4DDC-A2FB-75C7AB32AD76}.Release|Any CPU.ActiveCfg = Release|Any CPU
		{AE60CFDE-AF06-4DDC-A2FB-75C7AB32AD76}.Release|Any CPU.Build.0 = Release|Any CPU
		{8F34D739-733A-4CA0-9887-68475DB4EFD2}.Debug|Any CPU.ActiveCfg = Debug|Any CPU
		{8F34D739-733A-4CA0-9887-68475DB4EFD2}.Debug|Any CPU.Build.0 = Debug|Any CPU
		{8F34D739-733A-4CA0-9887-68475DB4EFD2}.Release|Any CPU.ActiveCfg = Release|Any CPU
		{8F34D739-733A-4CA0-9887-68475DB4EFD2}.Release|Any CPU.Build.0 = Release|Any CPU
		{0CB917B6-2232-4303-893A-C02863B8F9EA}.Debug|Any CPU.ActiveCfg = Debug|Any CPU
		{0CB917B6-2232-4303-893A-C02863B8F9EA}.Debug|Any CPU.Build.0 = Debug|Any CPU
		{0CB917B6-2232-4303-893A-C02863B8F9EA}.Release|Any CPU.ActiveCfg = Release|Any CPU
		{0CB917B6-2232-4303-893A-C02863B8F9EA}.Release|Any CPU.Build.0 = Release|Any CPU
		{492317F8-3A4E-4274-837D-08C197EB7CFE}.Debug|Any CPU.ActiveCfg = Debug|Any CPU
		{492317F8-3A4E-4274-837D-08C197EB7CFE}.Debug|Any CPU.Build.0 = Debug|Any CPU
		{492317F8-3A4E-4274-837D-08C197EB7CFE}.Release|Any CPU.ActiveCfg = Release|Any CPU
		{492317F8-3A4E-4274-837D-08C197EB7CFE}.Release|Any CPU.Build.0 = Release|Any CPU
		{2B3EABC3-D617-43AD-8225-3B0FC6E3BAE7}.Debug|Any CPU.ActiveCfg = Debug|Any CPU
		{2B3EABC3-D617-43AD-8225-3B0FC6E3BAE7}.Debug|Any CPU.Build.0 = Debug|Any CPU
		{2B3EABC3-D617-43AD-8225-3B0FC6E3BAE7}.Release|Any CPU.ActiveCfg = Release|Any CPU
		{2B3EABC3-D617-43AD-8225-3B0FC6E3BAE7}.Release|Any CPU.Build.0 = Release|Any CPU
	EndGlobalSection
	GlobalSection(SolutionProperties) = preSolution
		HideSolutionNode = FALSE
	EndGlobalSection
	GlobalSection(ExtensibilityGlobals) = postSolution
		SolutionGuid = {BE6B6BEF-493B-4530-B0AA-E53E2F000EB9}
	EndGlobalSection
EndGlobal
